
Microsoft Visual Studio Solution File, Format Version 10.00
# Visual Studio 2008
Project("{8BC9CEB8-8B4A-11D0-8D11-00A0C91BC942}") = "cray_ray", "cray_ray.vcproj", "{70D4823A-722C-417D-AE46-35FCE6D9706A}"
EndProject
Global
	GlobalSection(SolutionConfigurationPlatforms) = preSolution
		Debug|Win32 = Debug|Win32
		Release|Win32 = Release|Win32
	EndGlobalSection
	GlobalSection(ProjectConfigurationPlatforms) = postSolution
		{70D4823A-722C-417D-AE46-35FCE6D9706A}.Debug|Win32.ActiveCfg = Debug|Win32
		{70D4823A-722C-417D-AE46-35FCE6D9706A}.Debug|Win32.Build.0 = Debug|Win32
		{70D4823A-722C-417D-AE46-35FCE6D9706A}.Release|Win32.ActiveCfg = Release|Win32
		{70D4823A-722C-417D-AE46-35FCE6D9706A}.Release|Win32.Build.0 = Release|Win32
	EndGlobalSection
	GlobalSection(SolutionProperties) = preSolution
		HideSolutionNode = FALSE
	EndGlobalSection
EndGlobal
